
Microsoft Visual Studio Solution File, Format Version 12.00
# Visual Studio Version 17
VisualStudioVersion = 17.1.32210.238
MinimumVisualStudioVersion = 10.0.40219.1
Project("{888888A0-9F3D-457C-B088-3A5042F75D52}") = "palindromeApp", "palindromeApp.pyproj", "{5ED3AB05-FDA7-48EE-AACA-52426FA01121}"
EndProject
Global
	GlobalSection(SolutionConfigurationPlatforms) = preSolution
		Debug|Any CPU = Debug|Any CPU
		Release|Any CPU = Release|Any CPU
	EndGlobalSection
	GlobalSection(ProjectConfigurationPlatforms) = postSolution
		{5ED3AB05-FDA7-48EE-AACA-52426FA01121}.Debug|Any CPU.ActiveCfg = Debug|Any CPU
		{5ED3AB05-FDA7-48EE-AACA-52426FA01121}.Release|Any CPU.ActiveCfg = Release|Any CPU
	EndGlobalSection
	GlobalSection(SolutionProperties) = preSolution
		HideSolutionNode = FALSE
	EndGlobalSection
	GlobalSection(ExtensibilityGlobals) = postSolution
		SolutionGuid = {FA24E1CE-7ECD-4D64-B1DA-9A588E8B6AD8}
	EndGlobalSection
EndGlobal
